
Microsoft Visual Studio Solution File, Format Version 12.00
# Visual Studio Version 17
VisualStudioVersion = 17.14.36908.2 d17.14
MinimumVisualStudioVersion = 10.0.40219.1
Project("{FAE04EC0-301F-11D3-BF4B-00C04F79EFBC}") = "Galeria_Arte_Progra2", "Galeria_Arte_Progra2\Galeria_Arte_Progra2.csproj", "{6663A3A3-7704-41EE-8156-AFDBC529A7CA}"
EndProject
Global
	GlobalSection(SolutionConfigurationPlatforms) = preSolution
		Debug|Any CPU = Debug|Any CPU
		Release|Any CPU = Release|Any CPU
	EndGlobalSection
	GlobalSection(ProjectConfigurationPlatforms) = postSolution
		{6663A3A3-7704-41EE-8156-AFDBC529A7CA}.Debug|Any CPU.ActiveCfg = Debug|Any CPU
		{6663A3A3-7704-41EE-8156-AFDBC529A7CA}.Debug|Any CPU.Build.0 = Debug|Any CPU
		{6663A3A3-7704-41EE-8156-AFDBC529A7CA}.Release|Any CPU.ActiveCfg = Release|Any CPU
		{6663A3A3-7704-41EE-8156-AFDBC529A7CA}.Release|Any CPU.Build.0 = Release|Any CPU
	EndGlobalSection
	GlobalSection(SolutionProperties) = preSolution
		HideSolutionNode = FALSE
	EndGlobalSection
	GlobalSection(ExtensibilityGlobals) = postSolution
		SolutionGuid = {3DF60A33-A065-476A-A56A-A3B48D8AF15A}
	EndGlobalSection
EndGlobal
